// !$*UTF8*$!
{
	archiveVersion = 1;
	classes = {
	};
	objectVersion = 50;
	objects = {

/* Begin PBXBuildFile section */
		90D8FBA021A76631002F99BD /* AppDelegate.swift in Sources */ = {isa = PBXBuildFile; fileRef = 90D8FB9F21A76631002F99BD /* AppDelegate.swift */; };
		90D8FBA221A76631002F99BD /* ViewController.swift in Sources */ = {isa = PBXBuildFile; fileRef = 90D8FBA121A76631002F99BD /* ViewController.swift */; };
		90D8FBA521A76631002F99BD /* Main.storyboard in Resources */ = {isa = PBXBuildFile; fileRef = 90D8FBA321A76631002F99BD /* Main.storyboard */; };
		90D8FBA721A76631002F99BD /* Assets.xcassets in Resources */ = {isa = PBXBuildFile; fileRef = 90D8FBA621A76631002F99BD /* Assets.xcassets */; };
		90D8FBAA21A76631002F99BD /* LaunchScreen.storyboard in Resources */ = {isa = PBXBuildFile; fileRef = 90D8FBA821A76631002F99BD /* LaunchScreen.storyboard */; };
		90D8FBB221A7668B002F99BD /* AudioPlayer.swift in Sources */ = {isa = PBXBuildFile; fileRef = 90D8FBB121A7668B002F99BD /* AudioPlayer.swift */; };
		90D8FBB421A772A2002F99BD /* drumLoop.caf in Resources */ = {isa = PBXBuildFile; fileRef = 90D8FBB321A7681B002F99BD /* drumLoop.caf */; };
		90D8FBBD21A776B1002F99BD /* VolumeAudioUnit.mm in Sources */ = {isa = PBXBuildFile; fileRef = 90D8FBBC21A776B1002F99BD /* VolumeAudioUnit.mm */; };
		90D8FBBF21A776B1002F99BD /* AudioUnitViewController.swift in Sources */ = {isa = PBXBuildFile; fileRef = 90D8FBBE21A776B1002F99BD /* AudioUnitViewController.swift */; };
		90D8FBC221A776B1002F99BD /* MainInterface.storyboard in Resources */ = {isa = PBXBuildFile; fileRef = 90D8FBC021A776B1002F99BD /* MainInterface.storyboard */; };
		90D8FBC721A776B1002F99BD /* VolumeAudioUnit.appex in Embed App Extensions */ = {isa = PBXBuildFile; fileRef = 90D8FBB921A776B1002F99BD /* VolumeAudioUnit.appex */; settings = {ATTRIBUTES = (RemoveHeadersOnCopy, ); }; };
		90D8FBCE21A778AE002F99BD /* VolumeAudioUnit.mm in Sources */ = {isa = PBXBuildFile; fileRef = 90D8FBBC21A776B1002F99BD /* VolumeAudioUnit.mm */; };
/* End PBXBuildFile section */

/* Begin PBXContainerItemProxy section */
		90D8FBC521A776B1002F99BD /* PBXContainerItemProxy */ = {
			isa = PBXContainerItemProxy;
			containerPortal = 90D8FB9421A76631002F99BD /* Project object */;
			proxyType = 1;
			remoteGlobalIDString = 90D8FBB821A776B1002F99BD;
			remoteInfo = VolumeAudioUnit;
		};
/* End PBXContainerItemProxy section */

/* Begin PBXCopyFilesBuildPhase section */
		90D8FBCB21A776B1002F99BD /* Embed App Extensions */ = {
			isa = PBXCopyFilesBuildPhase;
			buildActionMask = 2147483647;
			dstPath = "";
			dstSubfolderSpec = 13;
			files = (
				90D8FBC721A776B1002F99BD /* VolumeAudioUnit.appex in Embed App Extensions */,
			);
			name = "Embed App Extensions";
			runOnlyForDeploymentPostprocessing = 0;
		};
/* End PBXCopyFilesBuildPhase section */

/* Begin PBXFileReference section */
		90D8FB9C21A76631002F99BD /* AudioUnitPlayer.app */ = {isa = PBXFileReference; explicitFileType = wrapper.application; includeInIndex = 0; path = AudioUnitPlayer.app; sourceTree = BUILT_PRODUCTS_DIR; };
		90D8FB9F21A76631002F99BD /* AppDelegate.swift */ = {isa = PBXFileReference; lastKnownFileType = sourcecode.swift; path = AppDelegate.swift; sourceTree = "<group>"; };
		90D8FBA121A76631002F99BD /* ViewController.swift */ = {isa = PBXFileReference; lastKnownFileType = sourcecode.swift; path = ViewController.swift; sourceTree = "<group>"; };
		90D8FBA421A76631002F99BD /* Base */ = {isa = PBXFileReference; lastKnownFileType = file.storyboard; name = Base; path = Base.lproj/Main.storyboard; sourceTree = "<group>"; };
		90D8FBA621A76631002F99BD /* Assets.xcassets */ = {isa = PBXFileReference; lastKnownFileType = folder.assetcatalog; path = Assets.xcassets; sourceTree = "<group>"; };
		90D8FBA921A76631002F99BD /* Base */ = {isa = PBXFileReference; lastKnownFileType = file.storyboard; name = Base; path = Base.lproj/LaunchScreen.storyboard; sourceTree = "<group>"; };
		90D8FBAB21A76632002F99BD /* Info.plist */ = {isa = PBXFileReference; lastKnownFileType = text.plist.xml; path = Info.plist; sourceTree = "<group>"; };
		90D8FBB121A7668B002F99BD /* AudioPlayer.swift */ = {isa = PBXFileReference; lastKnownFileType = sourcecode.swift; path = AudioPlayer.swift; sourceTree = "<group>"; };
		90D8FBB321A7681B002F99BD /* drumLoop.caf */ = {isa = PBXFileReference; lastKnownFileType = file; path = drumLoop.caf; sourceTree = "<group>"; };
		90D8FBB921A776B1002F99BD /* VolumeAudioUnit.appex */ = {isa = PBXFileReference; explicitFileType = "wrapper.app-extension"; includeInIndex = 0; path = VolumeAudioUnit.appex; sourceTree = BUILT_PRODUCTS_DIR; };
		90D8FBBB21A776B1002F99BD /* VolumeAudioUnit.h */ = {isa = PBXFileReference; lastKnownFileType = sourcecode.c.h; path = VolumeAudioUnit.h; sourceTree = "<group>"; };
		90D8FBBC21A776B1002F99BD /* VolumeAudioUnit.mm */ = {isa = PBXFileReference; lastKnownFileType = sourcecode.cpp.objcpp; path = VolumeAudioUnit.mm; sourceTree = "<group>"; };
		90D8FBBE21A776B1002F99BD /* AudioUnitViewController.swift */ = {isa = PBXFileReference; lastKnownFileType = sourcecode.swift; path = AudioUnitViewController.swift; sourceTree = "<group>"; };
		90D8FBC121A776B1002F99BD /* Base */ = {isa = PBXFileReference; lastKnownFileType = file.storyboard; name = Base; path = Base.lproj/MainInterface.storyboard; sourceTree = "<group>"; };
		90D8FBC321A776B1002F99BD /* Info.plist */ = {isa = PBXFileReference; lastKnownFileType = text.plist.xml; path = Info.plist; sourceTree = "<group>"; };
		90D8FBC421A776B1002F99BD /* VolumeAudioUnit-Bridging-Header.h */ = {isa = PBXFileReference; lastKnownFileType = sourcecode.c.h; path = "VolumeAudioUnit-Bridging-Header.h"; sourceTree = "<group>"; };
		90D8FBD021A785E4002F99BD /* Buffers.hpp */ = {isa = PBXFileReference; lastKnownFileType = sourcecode.cpp.h; path = Buffers.hpp; sourceTree = "<group>"; };
/* End PBXFileReference section */

/* Begin PBXFrameworksBuildPhase section */
		90D8FB9921A76631002F99BD /* Frameworks */ = {
			isa = PBXFrameworksBuildPhase;
			buildActionMask = 2147483647;
			files = (
			);
			runOnlyForDeploymentPostprocessing = 0;
		};
		90D8FBB621A776B1002F99BD /* Frameworks */ = {
			isa = PBXFrameworksBuildPhase;
			buildActionMask = 2147483647;
			files = (
			);
			runOnlyForDeploymentPostprocessing = 0;
		};
/* End PBXFrameworksBuildPhase section */

/* Begin PBXGroup section */
		90D8FB9321A76631002F99BD = {
			isa = PBXGroup;
			children = (
				90D8FBCC21A776F5002F99BD /* Shared */,
				90D8FB9E21A76631002F99BD /* AudioUnitPlayer */,
				90D8FBBA21A776B1002F99BD /* VolumeAudioUnit */,
				90D8FB9D21A76631002F99BD /* Products */,
			);
			sourceTree = "<group>";
		};
		90D8FB9D21A76631002F99BD /* Products */ = {
			isa = PBXGroup;
			children = (
				90D8FB9C21A76631002F99BD /* AudioUnitPlayer.app */,
				90D8FBB921A776B1002F99BD /* VolumeAudioUnit.appex */,
			);
			name = Products;
			sourceTree = "<group>";
		};
		90D8FB9E21A76631002F99BD /* AudioUnitPlayer */ = {
			isa = PBXGroup;
			children = (
				90D8FB9F21A76631002F99BD /* AppDelegate.swift */,
				90D8FBA121A76631002F99BD /* ViewController.swift */,
				90D8FBB121A7668B002F99BD /* AudioPlayer.swift */,
				90D8FBA321A76631002F99BD /* Main.storyboard */,
				90D8FBA621A76631002F99BD /* Assets.xcassets */,
				90D8FBA821A76631002F99BD /* LaunchScreen.storyboard */,
				90D8FBAB21A76632002F99BD /* Info.plist */,
				90D8FBB321A7681B002F99BD /* drumLoop.caf */,
			);
			path = AudioUnitPlayer;
			sourceTree = "<group>";
		};
		90D8FBBA21A776B1002F99BD /* VolumeAudioUnit */ = {
			isa = PBXGroup;
			children = (
				90D8FBBE21A776B1002F99BD /* AudioUnitViewController.swift */,
				90D8FBC021A776B1002F99BD /* MainInterface.storyboard */,
				90D8FBC321A776B1002F99BD /* Info.plist */,
			);
			path = VolumeAudioUnit;
			sourceTree = "<group>";
		};
		90D8FBCC21A776F5002F99BD /* Shared */ = {
			isa = PBXGroup;
			children = (
				90D8FBBB21A776B1002F99BD /* VolumeAudioUnit.h */,
				90D8FBBC21A776B1002F99BD /* VolumeAudioUnit.mm */,
				90D8FBD021A785E4002F99BD /* Buffers.hpp */,
				90D8FBC421A776B1002F99BD /* VolumeAudioUnit-Bridging-Header.h */,
			);
			path = Shared;
			sourceTree = "<group>";
		};
/* End PBXGroup section */

/* Begin PBXNativeTarget section */
		90D8FB9B21A76631002F99BD /* AudioUnitPlayer */ = {
			isa = PBXNativeTarget;
			buildConfigurationList = 90D8FBAE21A76632002F99BD /* Build configuration list for PBXNativeTarget "AudioUnitPlayer" */;
			buildPhases = (
				90D8FB9821A76631002F99BD /* Sources */,
				90D8FB9921A76631002F99BD /* Frameworks */,
				90D8FB9A21A76631002F99BD /* Resources */,
				90D8FBCB21A776B1002F99BD /* Embed App Extensions */,
			);
			buildRules = (
			);
			dependencies = (
				90D8FBC621A776B1002F99BD /* PBXTargetDependency */,
			);
			name = AudioUnitPlayer;
			productName = AudioUnitPlayer;
			productReference = 90D8FB9C21A76631002F99BD /* AudioUnitPlayer.app */;
			productType = "com.apple.product-type.application";
		};
		90D8FBB821A776B1002F99BD /* VolumeAudioUnit */ = {
			isa = PBXNativeTarget;
			buildConfigurationList = 90D8FBC821A776B1002F99BD /* Build configuration list for PBXNativeTarget "VolumeAudioUnit" */;
			buildPhases = (
				90D8FBB521A776B1002F99BD /* Sources */,
				90D8FBB621A776B1002F99BD /* Frameworks */,
				90D8FBB721A776B1002F99BD /* Resources */,
			);
			buildRules = (
			);
			dependencies = (
			);
			name = VolumeAudioUnit;
			productName = VolumeAudioUnit;
			productReference = 90D8FBB921A776B1002F99BD /* VolumeAudioUnit.appex */;
			productType = "com.apple.product-type.app-extension";
		};
/* End PBXNativeTarget section */

/* Begin PBXProject section */
		90D8FB9421A76631002F99BD /* Project object */ = {
			isa = PBXProject;
			attributes = {
				LastSwiftUpdateCheck = 1010;
				LastUpgradeCheck = 1010;
				ORGANIZATIONNAME = michal;
				TargetAttributes = {
					90D8FB9B21A76631002F99BD = {
						CreatedOnToolsVersion = 10.1;
					};
					90D8FBB821A776B1002F99BD = {
						CreatedOnToolsVersion = 10.1;
					};
				};
			};
			buildConfigurationList = 90D8FB9721A76631002F99BD /* Build configuration list for PBXProject "AudioUnitPlayer" */;
			compatibilityVersion = "Xcode 9.3";
			developmentRegion = en;
			hasScannedForEncodings = 0;
			knownRegions = (
				en,
				Base,
			);
			mainGroup = 90D8FB9321A76631002F99BD;
			productRefGroup = 90D8FB9D21A76631002F99BD /* Products */;
			projectDirPath = "";
			projectRoot = "";
			targets = (
				90D8FB9B21A76631002F99BD /* AudioUnitPlayer */,
				90D8FBB821A776B1002F99BD /* VolumeAudioUnit */,
			);
		};
/* End PBXProject section */

/* Begin PBXResourcesBuildPhase section */
		90D8FB9A21A76631002F99BD /* Resources */ = {
			isa = PBXResourcesBuildPhase;
			buildActionMask = 2147483647;
			files = (
				90D8FBAA21A76631002F99BD /* LaunchScreen.storyboard in Resources */,
				90D8FBA721A76631002F99BD /* Assets.xcassets in Resources */,
				90D8FBB421A772A2002F99BD /* drumLoop.caf in Resources */,
				90D8FBA521A76631002F99BD /* Main.storyboard in Resources */,
			);
			runOnlyForDeploymentPostprocessing = 0;
		};
		90D8FBB721A776B1002F99BD /* Resources */ = {
			isa = PBXResourcesBuildPhase;
			buildActionMask = 2147483647;
			files = (
				90D8FBC221A776B1002F99BD /* MainInterface.storyboard in Resources */,
			);
			runOnlyForDeploymentPostprocessing = 0;
		};
/* End PBXResourcesBuildPhase section */

/* Begin PBXSourcesBuildPhase section */
		90D8FB9821A76631002F99BD /* Sources */ = {
			isa = PBXSourcesBuildPhase;
			buildActionMask = 2147483647;
			files = (
				90D8FBA221A76631002F99BD /* ViewController.swift in Sources */,
				90D8FBA021A76631002F99BD /* AppDelegate.swift in Sources */,
				90D8FBCE21A778AE002F99BD /* VolumeAudioUnit.mm in Sources */,
				90D8FBB221A7668B002F99BD /* AudioPlayer.swift in Sources */,
			);
			runOnlyForDeploymentPostprocessing = 0;
		};
		90D8FBB521A776B1002F99BD /* Sources */ = {
			isa = PBXSourcesBuildPhase;
			buildActionMask = 2147483647;
			files = (
				90D8FBBD21A776B1002F99BD /* VolumeAudioUnit.mm in Sources */,
				90D8FBBF21A776B1002F99BD /* AudioUnitViewController.swift in Sources */,
			);
			runOnlyForDeploymentPostprocessing = 0;
		};
/* End PBXSourcesBuildPhase section */

/* Begin PBXTargetDependency section */
		90D8FBC621A776B1002F99BD /* PBXTargetDependency */ = {
			isa = PBXTargetDependency;
			target = 90D8FBB821A776B1002F99BD /* VolumeAudioUnit */;
			targetProxy = 90D8FBC521A776B1002F99BD /* PBXContainerItemProxy */;
		};
/* End PBXTargetDependency section */

/* Begin PBXVariantGroup section */
		90D8FBA321A76631002F99BD /* Main.storyboard */ = {
			isa = PBXVariantGroup;
			children = (
				90D8FBA421A76631002F99BD /* Base */,
			);
			name = Main.storyboard;
			sourceTree = "<group>";
		};
		90D8FBA821A76631002F99BD /* LaunchScreen.storyboard */ = {
			isa = PBXVariantGroup;
			children = (
				90D8FBA921A76631002F99BD /* Base */,
			);
			name = LaunchScreen.storyboard;
			sourceTree = "<group>";
		};
		90D8FBC021A776B1002F99BD /* MainInterface.storyboard */ = {
			isa = PBXVariantGroup;
			children = (
				90D8FBC121A776B1002F99BD /* Base */,
			);
			name = MainInterface.storyboard;
			sourceTree = "<group>";
		};
/* End PBXVariantGroup section */

/* Begin XCBuildConfiguration section */
		90D8FBAC21A76632002F99BD /* Debug */ = {
			isa = XCBuildConfiguration;
			buildSettings = {
				ALWAYS_SEARCH_USER_PATHS = NO;
				CLANG_ANALYZER_NONNULL = YES;
				CLANG_ANALYZER_NUMBER_OBJECT_CONVERSION = YES_AGGRESSIVE;
				CLANG_CXX_LANGUAGE_STANDARD = "gnu++14";
				CLANG_CXX_LIBRARY = "libc++";
				CLANG_ENABLE_MODULES = YES;
				CLANG_ENABLE_OBJC_ARC = YES;
				CLANG_ENABLE_OBJC_WEAK = YES;
				CLANG_WARN_BLOCK_CAPTURE_AUTORELEASING = YES;
				CLANG_WARN_BOOL_CONVERSION = YES;
				CLANG_WARN_COMMA = YES;
				CLANG_WARN_CONSTANT_CONVERSION = YES;
				CLANG_WARN_DEPRECATED_OBJC_IMPLEMENTATIONS = YES;
				CLANG_WARN_DIRECT_OBJC_ISA_USAGE = YES_ERROR;
				CLANG_WARN_DOCUMENTATION_COMMENTS = YES;
				CLANG_WARN_EMPTY_BODY = YES;
				CLANG_WARN_ENUM_CONVERSION = YES;
				CLANG_WARN_INFINITE_RECURSION = YES;
				CLANG_WARN_INT_CONVERSION = YES;
				CLANG_WARN_NON_LITERAL_NULL_CONVERSION = YES;
				CLANG_WARN_OBJC_IMPLICIT_RETAIN_SELF = YES;
				CLANG_WARN_OBJC_LITERAL_CONVERSION = YES;
				CLANG_WARN_OBJC_ROOT_CLASS = YES_ERROR;
				CLANG_WARN_RANGE_LOOP_ANALYSIS = YES;
				CLANG_WARN_STRICT_PROTOTYPES = YES;
				CLANG_WARN_SUSPICIOUS_MOVE = YES;
				CLANG_WARN_UNGUARDED_AVAILABILITY = YES_AGGRESSIVE;
				CLANG_WARN_UNREACHABLE_CODE = YES;
				CLANG_WARN__DUPLICATE_METHOD_MATCH = YES;
				CODE_SIGN_IDENTITY = "iPhone Developer";
				COPY_PHASE_STRIP = NO;
				DEBUG_INFORMATION_FORMAT = dwarf;
				ENABLE_STRICT_OBJC_MSGSEND = YES;
				ENABLE_TESTABILITY = YES;
				GCC_C_LANGUAGE_STANDARD = gnu11;
				GCC_DYNAMIC_NO_PIC = NO;
				GCC_NO_COMMON_BLOCKS = YES;
				GCC_OPTIMIZATION_LEVEL = 0;
				GCC_PREPROCESSOR_DEFINITIONS = (
					"DEBUG=1",
					"$(inherited)",
				);
				GCC_WARN_64_TO_32_BIT_CONVERSION = YES;
				GCC_WARN_ABOUT_RETURN_TYPE = YES_ERROR;
				GCC_WARN_UNDECLARED_SELECTOR = YES;
				GCC_WARN_UNINITIALIZED_AUTOS = YES_AGGRESSIVE;
				GCC_WARN_UNUSED_FUNCTION = YES;
				GCC_WARN_UNUSED_VARIABLE = YES;
				IPHONEOS_DEPLOYMENT_TARGET = 12.1;
				MTL_ENABLE_DEBUG_INFO = INCLUDE_SOURCE;
				MTL_FAST_MATH = YES;
				ONLY_ACTIVE_ARCH = YES;
				SDKROOT = iphoneos;
				SWIFT_ACTIVE_COMPILATION_CONDITIONS = DEBUG;
				SWIFT_OPTIMIZATION_LEVEL = "-Onone";
			};
			name = Debug;
		};
		90D8FBAD21A76632002F99BD /* Release */ = {
			isa = XCBuildConfiguration;
			buildSettings = {
				ALWAYS_SEARCH_USER_PATHS = NO;
				CLANG_ANALYZER_NONNULL = YES;
				CLANG_ANALYZER_NUMBER_OBJECT_CONVERSION = YES_AGGRESSIVE;
				CLANG_CXX_LANGUAGE_STANDARD = "gnu++14";
				CLANG_CXX_LIBRARY = "libc++";
				CLANG_ENABLE_MODULES = YES;
				CLANG_ENABLE_OBJC_ARC = YES;
				CLANG_ENABLE_OBJC_WEAK = YES;
				CLANG_WARN_BLOCK_CAPTURE_AUTORELEASING = YES;
				CLANG_WARN_BOOL_CONVERSION = YES;
				CLANG_WARN_COMMA = YES;
				CLANG_WARN_CONSTANT_CONVERSION = YES;
				CLANG_WARN_DEPRECATED_OBJC_IMPLEMENTATIONS = YES;
				CLANG_WARN_DIRECT_OBJC_ISA_USAGE = YES_ERROR;
				CLANG_WARN_DOCUMENTATION_COMMENTS = YES;
				CLANG_WARN_EMPTY_BODY = YES;
				CLANG_WARN_ENUM_CONVERSION = YES;
				CLANG_WARN_INFINITE_RECURSION = YES;
				CLANG_WARN_INT_CONVERSION = YES;
				CLANG_WARN_NON_LITERAL_NULL_CONVERSION = YES;
				CLANG_WARN_OBJC_IMPLICIT_RETAIN_SELF = YES;
				CLANG_WARN_OBJC_LITERAL_CONVERSION = YES;
				CLANG_WARN_OBJC_ROOT_CLASS = YES_ERROR;
				CLANG_WARN_RANGE_LOOP_ANALYSIS = YES;
				CLANG_WARN_STRICT_PROTOTYPES = YES;
				CLANG_WARN_SUSPICIOUS_MOVE = YES;
				CLANG_WARN_UNGUARDED_AVAILABILITY = YES_AGGRESSIVE;
				CLANG_WARN_UNREACHABLE_CODE = YES;
				CLANG_WARN__DUPLICATE_METHOD_MATCH = YES;
				CODE_SIGN_IDENTITY = "iPhone Developer";
				COPY_PHASE_STRIP = NO;
				DEBUG_INFORMATION_FORMAT = "dwarf-with-dsym";
				ENABLE_NS_ASSERTIONS = NO;
				ENABLE_STRICT_OBJC_MSGSEND = YES;
				GCC_C_LANGUAGE_STANDARD = gnu11;
				GCC_NO_COMMON_BLOCKS = YES;
				GCC_WARN_64_TO_32_BIT_CONVERSION = YES;
				GCC_WARN_ABOUT_RETURN_TYPE = YES_ERROR;
				GCC_WARN_UNDECLARED_SELECTOR = YES;
				GCC_WARN_UNINITIALIZED_AUTOS = YES_AGGRESSIVE;
				GCC_WARN_UNUSED_FUNCTION = YES;
				GCC_WARN_UNUSED_VARIABLE = YES;
				IPHONEOS_DEPLOYMENT_TARGET = 12.1;
				MTL_ENABLE_DEBUG_INFO = NO;
				MTL_FAST_MATH = YES;
				SDKROOT = iphoneos;
				SWIFT_COMPILATION_MODE = wholemodule;
				SWIFT_OPTIMIZATION_LEVEL = "-O";
				VALIDATE_PRODUCT = YES;
			};
			name = Release;
		};
		90D8FBAF21A76632002F99BD /* Debug */ = {
			isa = XCBuildConfiguration;
			buildSettings = {
				ALWAYS_EMBED_SWIFT_STANDARD_LIBRARIES = YES;
				ASSETCATALOG_COMPILER_APPICON_NAME = AppIcon;
				CODE_SIGN_STYLE = Automatic;
				DEVELOPMENT_TEAM = 7G4JF8R3R6;
				INFOPLIST_FILE = AudioUnitPlayer/Info.plist;
				IPHONEOS_DEPLOYMENT_TARGET = 10.0;
				LD_RUNPATH_SEARCH_PATHS = (
					"$(inherited)",
					"@executable_path/Frameworks",
				);
				PRODUCT_BUNDLE_IDENTIFIER = co.brama.AudioUnitPlayer;
				PRODUCT_NAME = "$(TARGET_NAME)";
				SWIFT_OBJC_BRIDGING_HEADER = "Shared/VolumeAudioUnit-Bridging-Header.h";
				SWIFT_VERSION = 4.2;
				TARGETED_DEVICE_FAMILY = "1,2";
			};
			name = Debug;
		};
		90D8FBB021A76632002F99BD /* Release */ = {
			isa = XCBuildConfiguration;
			buildSettings = {
				ALWAYS_EMBED_SWIFT_STANDARD_LIBRARIES = YES;
				ASSETCATALOG_COMPILER_APPICON_NAME = AppIcon;
				CODE_SIGN_STYLE = Automatic;
				DEVELOPMENT_TEAM = 7G4JF8R3R6;
				INFOPLIST_FILE = AudioUnitPlayer/Info.plist;
				IPHONEOS_DEPLOYMENT_TARGET = 10.0;
				LD_RUNPATH_SEARCH_PATHS = (
					"$(inherited)",
					"@executable_path/Frameworks",
				);
				PRODUCT_BUNDLE_IDENTIFIER = co.brama.AudioUnitPlayer;
				PRODUCT_NAME = "$(TARGET_NAME)";
				SWIFT_OBJC_BRIDGING_HEADER = "Shared/VolumeAudioUnit-Bridging-Header.h";
				SWIFT_VERSION = 4.2;
				TARGETED_DEVICE_FAMILY = "1,2";
			};
			name = Release;
		};
		90D8FBC921A776B1002F99BD /* Debug */ = {
			isa = XCBuildConfiguration;
			buildSettings = {
				CODE_SIGN_STYLE = Automatic;
				DEVELOPMENT_TEAM = 7G4JF8R3R6;
				INFOPLIST_FILE = VolumeAudioUnit/Info.plist;
				IPHONEOS_DEPLOYMENT_TARGET = 10.0;
				LD_RUNPATH_SEARCH_PATHS = (
					"$(inherited)",
					"@executable_path/Frameworks",
					"@executable_path/../../Frameworks",
				);
				PRODUCT_BUNDLE_IDENTIFIER = co.brama.AudioUnitPlayer.VolumeAudioUnit;
				PRODUCT_NAME = "$(TARGET_NAME)";
				SKIP_INSTALL = YES;
				SWIFT_OBJC_BRIDGING_HEADER = "Shared/VolumeAudioUnit-Bridging-Header.h";
				SWIFT_VERSION = 4.2;
				TARGETED_DEVICE_FAMILY = "1,2";
			};
			name = Debug;
		};
		90D8FBCA21A776B1002F99BD /* Release */ = {
			isa = XCBuildConfiguration;
			buildSettings = {
				CODE_SIGN_STYLE = Automatic;
				DEVELOPMENT_TEAM = 7G4JF8R3R6;
				INFOPLIST_FILE = VolumeAudioUnit/Info.plist;
				IPHONEOS_DEPLOYMENT_TARGET = 10.0;
				LD_RUNPATH_SEARCH_PATHS = (
					"$(inherited)",
					"@executable_path/Frameworks",
					"@executable_path/../../Frameworks",
				);
				PRODUCT_BUNDLE_IDENTIFIER = co.brama.AudioUnitPlayer.VolumeAudioUnit;
				PRODUCT_NAME = "$(TARGET_NAME)";
				SKIP_INSTALL = YES;
				SWIFT_OBJC_BRIDGING_HEADER = "Shared/VolumeAudioUnit-Bridging-Header.h";
				SWIFT_VERSION = 4.2;
				TARGETED_DEVICE_FAMILY = "1,2";
			};
			name = Release;
		};
/* End XCBuildConfiguration section */

/* Begin XCConfigurationList section */
		90D8FB9721A76631002F99BD /* Build configuration list for PBXProject "AudioUnitPlayer" */ = {
			isa = XCConfigurationList;
			buildConfigurations = (
				90D8FBAC21A76632002F99BD /* Debug */,
				90D8FBAD21A76632002F99BD /* Release */,
			);
			defaultConfigurationIsVisible = 0;
			defaultConfigurationName = Release;
		};
		90D8FBAE21A76632002F99BD /* Build configuration list for PBXNativeTarget "AudioUnitPlayer" */ = {
			isa = XCConfigurationList;
			buildConfigurations = (
				90D8FBAF21A76632002F99BD /* Debug */,
				90D8FBB021A76632002F99BD /* Release */,
			);
			defaultConfigurationIsVisible = 0;
			defaultConfigurationName = Release;
		};
		90D8FBC821A776B1002F99BD /* Build configuration list for PBXNativeTarget "VolumeAudioUnit" */ = {
			isa = XCConfigurationList;
			buildConfigurations = (
				90D8FBC921A776B1002F99BD /* Debug */,
				90D8FBCA21A776B1002F99BD /* Release */,
			);
			defaultConfigurationIsVisible = 0;
			defaultConfigurationName = Release;
		};
/* End XCConfigurationList section */
	};
	rootObject = 90D8FB9421A76631002F99BD /* Project object */;
}
